
Microsoft Visual Studio Solution File, Format Version 12.00
# Visual Studio 15
VisualStudioVersion = 15.0.28307.271
MinimumVisualStudioVersion = 10.0.40219.1
Project("{FAE04EC0-301F-11D3-BF4B-00C04F79EFBC}") = "Battleship", "Battleship\Battleship.csproj", "{C46D9347-8E00-4433-9C15-4248A2DA4BF5}"
EndProject
Global
	GlobalSection(SolutionConfigurationPlatforms) = preSolution
		Debug|Any CPU = Debug|Any CPU
		Release|Any CPU = Release|Any CPU
	EndGlobalSection
	GlobalSection(ProjectConfigurationPlatforms) = postSolution
		{C46D9347-8E00-4433-9C15-4248A2DA4BF5}.Debug|Any CPU.ActiveCfg = Debug|Any CPU
		{C46D9347-8E00-4433-9C15-4248A2DA4BF5}.Debug|Any CPU.Build.0 = Debug|Any CPU
		{C46D9347-8E00-4433-9C15-4248A2DA4BF5}.Release|Any CPU.ActiveCfg = Release|Any CPU
		{C46D9347-8E00-4433-9C15-4248A2DA4BF5}.Release|Any CPU.Build.0 = Release|Any CPU
	EndGlobalSection
	GlobalSection(SolutionProperties) = preSolution
		HideSolutionNode = FALSE
	EndGlobalSection
	GlobalSection(ExtensibilityGlobals) = postSolution
		SolutionGuid = {FB19735A-311F-47DE-826E-78C454685AE4}
	EndGlobalSection
EndGlobal
